
Microsoft Visual Studio Solution File, Format Version 12.00
# Visual Studio Version 17
VisualStudioVersion = 17.13.35913.81 d17.13
MinimumVisualStudioVersion = 10.0.40219.1
Project("{FAE04EC0-301F-11D3-BF4B-00C04F79EFBC}") = "SMS.App", "SMS.App\SMS.App.csproj", "{B5BD3282-DC2E-41F8-973E-A62E6E9E7715}"
EndProject
Project("{FAE04EC0-301F-11D3-BF4B-00C04F79EFBC}") = "SMS.Domain", "SMS.Domain\SMS.Domain.csproj", "{679098E7-6DC7-4846-A3FB-E6AB95AD1C1E}"
EndProject
Global
	GlobalSection(SolutionConfigurationPlatforms) = preSolution
		Debug|Any CPU = Debug|Any CPU
		Release|Any CPU = Release|Any CPU
	EndGlobalSection
	GlobalSection(ProjectConfigurationPlatforms) = postSolution
		{B5BD3282-DC2E-41F8-973E-A62E6E9E7715}.Debug|Any CPU.ActiveCfg = Debug|Any CPU
		{B5BD3282-DC2E-41F8-973E-A62E6E9E7715}.Debug|Any CPU.Build.0 = Debug|Any CPU
		{B5BD3282-DC2E-41F8-973E-A62E6E9E7715}.Release|Any CPU.ActiveCfg = Release|Any CPU
		{B5BD3282-DC2E-41F8-973E-A62E6E9E7715}.Release|Any CPU.Build.0 = Release|Any CPU
		{679098E7-6DC7-4846-A3FB-E6AB95AD1C1E}.Debug|Any CPU.ActiveCfg = Debug|Any CPU
		{679098E7-6DC7-4846-A3FB-E6AB95AD1C1E}.Debug|Any CPU.Build.0 = Debug|Any CPU
		{679098E7-6DC7-4846-A3FB-E6AB95AD1C1E}.Release|Any CPU.ActiveCfg = Release|Any CPU
		{679098E7-6DC7-4846-A3FB-E6AB95AD1C1E}.Release|Any CPU.Build.0 = Release|Any CPU
	EndGlobalSection
	GlobalSection(SolutionProperties) = preSolution
		HideSolutionNode = FALSE
	EndGlobalSection
	GlobalSection(ExtensibilityGlobals) = postSolution
		SolutionGuid = {8554DCD3-1288-4034-A6DC-C70E89ECC269}
	EndGlobalSection
EndGlobal
